
Microsoft Visual Studio Solution File, Format Version 12.00
# Visual Studio 15
VisualStudioVersion = 15.0.27130.2024
MinimumVisualStudioVersion = 10.0.40219.1
Project("{FAE04EC0-301F-11D3-BF4B-00C04F79EFBC}") = "MSIL2ASM", "MSIL2ASM\MSIL2ASM.csproj", "{B8DC60C0-71CD-4114-9FE4-51469EF0E61E}"
EndProject
Project("{FAE04EC0-301F-11D3-BF4B-00C04F79EFBC}") = "MSIL2ASM.Driver", "MSIL2ASM.Driver\MSIL2ASM.Driver.csproj", "{5EA2F3B9-537A-439D-ADA5-043982AB0DAE}"
	ProjectSection(ProjectDependencies) = postProject
		{28079AC7-A6BE-4139-93B3-2FFAE43607A9} = {28079AC7-A6BE-4139-93B3-2FFAE43607A9}
	EndProjectSection
EndProject
Project("{FAE04EC0-301F-11D3-BF4B-00C04F79EFBC}") = "MSIL2ASM.TestOS", "MSIL2ASM.TestOS\MSIL2ASM.TestOS.csproj", "{28079AC7-A6BE-4139-93B3-2FFAE43607A9}"
EndProject
Project("{FAE04EC0-301F-11D3-BF4B-00C04F79EFBC}") = "corlib", "corlib\corlib.csproj", "{EE032C31-2E23-4083-9FCF-D6751E3A94B3}"
EndProject
Project("{FAE04EC0-301F-11D3-BF4B-00C04F79EFBC}") = "MSIL2ASM.Builtins", "MSIL2ASM.Builtins\MSIL2ASM.Builtins.csproj", "{7072AF62-63AC-4A56-B303-7E19E2EBE5DF}"
EndProject
Project("{FAE04EC0-301F-11D3-BF4B-00C04F79EFBC}") = "MSIL2ASM.CoreLib", "MSIL2ASM.CoreLib\MSIL2ASM.CoreLib.csproj", "{BA9545B6-BEC9-4B09-A20C-169D0A276A68}"
EndProject
Global
	GlobalSection(SolutionConfigurationPlatforms) = preSolution
		Debug|Any CPU = Debug|Any CPU
		Release|Any CPU = Release|Any CPU
	EndGlobalSection
	GlobalSection(ProjectConfigurationPlatforms) = postSolution
		{B8DC60C0-71CD-4114-9FE4-51469EF0E61E}.Debug|Any CPU.ActiveCfg = Debug|Any CPU
		{B8DC60C0-71CD-4114-9FE4-51469EF0E61E}.Debug|Any CPU.Build.0 = Debug|Any CPU
		{B8DC60C0-71CD-4114-9FE4-51469EF0E61E}.Release|Any CPU.ActiveCfg = Release|Any CPU
		{B8DC60C0-71CD-4114-9FE4-51469EF0E61E}.Release|Any CPU.Build.0 = Release|Any CPU
		{5EA2F3B9-537A-439D-ADA5-043982AB0DAE}.Debug|Any CPU.ActiveCfg = Debug|Any CPU
		{5EA2F3B9-537A-439D-ADA5-043982AB0DAE}.Debug|Any CPU.Build.0 = Debug|Any CPU
		{5EA2F3B9-537A-439D-ADA5-043982AB0DAE}.Release|Any CPU.ActiveCfg = Release|Any CPU
		{5EA2F3B9-537A-439D-ADA5-043982AB0DAE}.Release|Any CPU.Build.0 = Release|Any CPU
		{28079AC7-A6BE-4139-93B3-2FFAE43607A9}.Debug|Any CPU.ActiveCfg = Debug|Any CPU
		{28079AC7-A6BE-4139-93B3-2FFAE43607A9}.Debug|Any CPU.Build.0 = Debug|Any CPU
		{28079AC7-A6BE-4139-93B3-2FFAE43607A9}.Release|Any CPU.ActiveCfg = Release|Any CPU
		{28079AC7-A6BE-4139-93B3-2FFAE43607A9}.Release|Any CPU.Build.0 = Release|Any CPU
		{EE032C31-2E23-4083-9FCF-D6751E3A94B3}.Debug|Any CPU.ActiveCfg = Debug|Any CPU
		{EE032C31-2E23-4083-9FCF-D6751E3A94B3}.Debug|Any CPU.Build.0 = Debug|Any CPU
		{EE032C31-2E23-4083-9FCF-D6751E3A94B3}.Release|Any CPU.ActiveCfg = Release|Any CPU
		{EE032C31-2E23-4083-9FCF-D6751E3A94B3}.Release|Any CPU.Build.0 = Release|Any CPU
		{7072AF62-63AC-4A56-B303-7E19E2EBE5DF}.Debug|Any CPU.ActiveCfg = Debug|Any CPU
		{7072AF62-63AC-4A56-B303-7E19E2EBE5DF}.Debug|Any CPU.Build.0 = Debug|Any CPU
		{7072AF62-63AC-4A56-B303-7E19E2EBE5DF}.Release|Any CPU.ActiveCfg = Release|Any CPU
		{7072AF62-63AC-4A56-B303-7E19E2EBE5DF}.Release|Any CPU.Build.0 = Release|Any CPU
		{BA9545B6-BEC9-4B09-A20C-169D0A276A68}.Debug|Any CPU.ActiveCfg = Debug|Any CPU
		{BA9545B6-BEC9-4B09-A20C-169D0A276A68}.Debug|Any CPU.Build.0 = Debug|Any CPU
		{BA9545B6-BEC9-4B09-A20C-169D0A276A68}.Release|Any CPU.ActiveCfg = Release|Any CPU
		{BA9545B6-BEC9-4B09-A20C-169D0A276A68}.Release|Any CPU.Build.0 = Release|Any CPU
	EndGlobalSection
	GlobalSection(SolutionProperties) = preSolution
		HideSolutionNode = FALSE
	EndGlobalSection
	GlobalSection(ExtensibilityGlobals) = postSolution
		SolutionGuid = {E74A4508-C81E-4A54-84A9-916E2D48EC89}
	EndGlobalSection
EndGlobal
