
Microsoft Visual Studio Solution File, Format Version 12.00
# Visual Studio 15
VisualStudioVersion = 15.0.27130.2024
MinimumVisualStudioVersion = 10.0.40219.1
Project("{FAE04EC0-301F-11D3-BF4B-00C04F79EFBC}") = "MSIL2ASM", "MSIL2ASM\MSIL2ASM.csproj", "{85C0454F-31C9-44E8-B00B-0313CC9DF68D}"
EndProject
Global
	GlobalSection(SolutionConfigurationPlatforms) = preSolution
		Debug|Any CPU = Debug|Any CPU
		Release|Any CPU = Release|Any CPU
	EndGlobalSection
	GlobalSection(ProjectConfigurationPlatforms) = postSolution
		{85C0454F-31C9-44E8-B00B-0313CC9DF68D}.Debug|Any CPU.ActiveCfg = Debug|Any CPU
		{85C0454F-31C9-44E8-B00B-0313CC9DF68D}.Debug|Any CPU.Build.0 = Debug|Any CPU
		{85C0454F-31C9-44E8-B00B-0313CC9DF68D}.Release|Any CPU.ActiveCfg = Release|Any CPU
		{85C0454F-31C9-44E8-B00B-0313CC9DF68D}.Release|Any CPU.Build.0 = Release|Any CPU
	EndGlobalSection
	GlobalSection(SolutionProperties) = preSolution
		HideSolutionNode = FALSE
	EndGlobalSection
	GlobalSection(ExtensibilityGlobals) = postSolution
		SolutionGuid = {E74A4508-C81E-4A54-84A9-916E2D48EC89}
	EndGlobalSection
EndGlobal
